// !$*UTF8*$!
{
	archiveVersion = 1;
	classes = {
	};
	objectVersion = 50;
	objects = {

/* Begin PBXBuildFile section */
		FA41847725780A6700602971 /* AppDelegate.swift in Sources */ = {isa = PBXBuildFile; fileRef = FA41847625780A6700602971 /* AppDelegate.swift */; };
		FA41847925780A6700602971 /* SceneDelegate.swift in Sources */ = {isa = PBXBuildFile; fileRef = FA41847825780A6700602971 /* SceneDelegate.swift */; };
		FA41847B25780A6700602971 /* ViewController.swift in Sources */ = {isa = PBXBuildFile; fileRef = FA41847A25780A6700602971 /* ViewController.swift */; };
		FA41847E25780A6700602971 /* Main.storyboard in Resources */ = {isa = PBXBuildFile; fileRef = FA41847C25780A6700602971 /* Main.storyboard */; };
		FA41848025780A6900602971 /* Assets.xcassets in Resources */ = {isa = PBXBuildFile; fileRef = FA41847F25780A6900602971 /* Assets.xcassets */; };
		FA41848325780A6900602971 /* LaunchScreen.storyboard in Resources */ = {isa = PBXBuildFile; fileRef = FA41848125780A6900602971 /* LaunchScreen.storyboard */; };
		FA418492257920B000602971 /* URLDate.swift in Sources */ = {isa = PBXBuildFile; fileRef = FA418491257920B000602971 /* URLDate.swift */; };
/* End PBXBuildFile section */

/* Begin PBXFileReference section */
		FA41847325780A6700602971 /* CC.app */ = {isa = PBXFileReference; explicitFileType = wrapper.application; includeInIndex = 0; path = CC.app; sourceTree = BUILT_PRODUCTS_DIR; };
		FA41847625780A6700602971 /* AppDelegate.swift */ = {isa = PBXFileReference; lastKnownFileType = sourcecode.swift; path = AppDelegate.swift; sourceTree = "<group>"; };
		FA41847825780A6700602971 /* SceneDelegate.swift */ = {isa = PBXFileReference; lastKnownFileType = sourcecode.swift; path = SceneDelegate.swift; sourceTree = "<group>"; };
		FA41847A25780A6700602971 /* ViewController.swift */ = {isa = PBXFileReference; lastKnownFileType = sourcecode.swift; path = ViewController.swift; sourceTree = "<group>"; };
		FA41847D25780A6700602971 /* Base */ = {isa = PBXFileReference; lastKnownFileType = file.storyboard; name = Base; path = Base.lproj/Main.storyboard; sourceTree = "<group>"; };
		FA41847F25780A6900602971 /* Assets.xcassets */ = {isa = PBXFileReference; lastKnownFileType = folder.assetcatalog; path = Assets.xcassets; sourceTree = "<group>"; };
		FA41848225780A6900602971 /* Base */ = {isa = PBXFileReference; lastKnownFileType = file.storyboard; name = Base; path = Base.lproj/LaunchScreen.storyboard; sourceTree = "<group>"; };
		FA41848425780A6900602971 /* Info.plist */ = {isa = PBXFileReference; lastKnownFileType = text.plist.xml; path = Info.plist; sourceTree = "<group>"; };
		FA418491257920B000602971 /* URLDate.swift */ = {isa = PBXFileReference; lastKnownFileType = sourcecode.swift; path = URLDate.swift; sourceTree = "<group>"; };
/* End PBXFileReference section */

/* Begin PBXFrameworksBuildPhase section */
		FA41847025780A6700602971 /* Frameworks */ = {
			isa = PBXFrameworksBuildPhase;
			buildActionMask = 2147483647;
			files = (
			);
			runOnlyForDeploymentPostprocessing = 0;
		};
/* End PBXFrameworksBuildPhase section */

/* Begin PBXGroup section */
		FA41846A25780A6700602971 = {
			isa = PBXGroup;
			children = (
				FA41847525780A6700602971 /* CC */,
				FA41847425780A6700602971 /* Products */,
			);
			sourceTree = "<group>";
		};
		FA41847425780A6700602971 /* Products */ = {
			isa = PBXGroup;
			children = (
				FA41847325780A6700602971 /* CC.app */,
			);
			name = Products;
			sourceTree = "<group>";
		};
		FA41847525780A6700602971 /* CC */ = {
			isa = PBXGroup;
			children = (
				FA41848C2579205600602971 /* URL */,
				FA41847625780A6700602971 /* AppDelegate.swift */,
				FA41847825780A6700602971 /* SceneDelegate.swift */,
				FA41847A25780A6700602971 /* ViewController.swift */,
				FA41847C25780A6700602971 /* Main.storyboard */,
				FA41847F25780A6900602971 /* Assets.xcassets */,
				FA41848125780A6900602971 /* LaunchScreen.storyboard */,
				FA41848425780A6900602971 /* Info.plist */,
			);
			path = CC;
			sourceTree = "<group>";
		};
		FA41848C2579205600602971 /* URL */ = {
			isa = PBXGroup;
			children = (
				FA418491257920B000602971 /* URLDate.swift */,
			);
			path = URL;
			sourceTree = "<group>";
		};
/* End PBXGroup section */

/* Begin PBXNativeTarget section */
		FA41847225780A6700602971 /* CC */ = {
			isa = PBXNativeTarget;
			buildConfigurationList = FA41848725780A6900602971 /* Build configuration list for PBXNativeTarget "CC" */;
			buildPhases = (
				FA41846F25780A6700602971 /* Sources */,
				FA41847025780A6700602971 /* Frameworks */,
				FA41847125780A6700602971 /* Resources */,
			);
			buildRules = (
			);
			dependencies = (
			);
			name = CC;
			productName = CC;
			productReference = FA41847325780A6700602971 /* CC.app */;
			productType = "com.apple.product-type.application";
		};
/* End PBXNativeTarget section */

/* Begin PBXProject section */
		FA41846B25780A6700602971 /* Project object */ = {
			isa = PBXProject;
			attributes = {
				LastSwiftUpdateCheck = 1220;
				LastUpgradeCheck = 1220;
				TargetAttributes = {
					FA41847225780A6700602971 = {
						CreatedOnToolsVersion = 12.2;
					};
				};
			};
			buildConfigurationList = FA41846E25780A6700602971 /* Build configuration list for PBXProject "CCtestcs" */;
			compatibilityVersion = "Xcode 9.3";
			developmentRegion = en;
			hasScannedForEncodings = 0;
			knownRegions = (
				en,
				Base,
			);
			mainGroup = FA41846A25780A6700602971;
			productRefGroup = FA41847425780A6700602971 /* Products */;
			projectDirPath = "";
			projectRoot = "";
			targets = (
				FA41847225780A6700602971 /* CC */,
			);
		};
/* End PBXProject section */

/* Begin PBXResourcesBuildPhase section */
		FA41847125780A6700602971 /* Resources */ = {
			isa = PBXResourcesBuildPhase;
			buildActionMask = 2147483647;
			files = (
				FA41848325780A6900602971 /* LaunchScreen.storyboard in Resources */,
				FA41848025780A6900602971 /* Assets.xcassets in Resources */,
				FA41847E25780A6700602971 /* Main.storyboard in Resources */,
			);
			runOnlyForDeploymentPostprocessing = 0;
		};
/* End PBXResourcesBuildPhase section */

/* Begin PBXSourcesBuildPhase section */
		FA41846F25780A6700602971 /* Sources */ = {
			isa = PBXSourcesBuildPhase;
			buildActionMask = 2147483647;
			files = (
				FA41847B25780A6700602971 /* ViewController.swift in Sources */,
				FA41847725780A6700602971 /* AppDelegate.swift in Sources */,
				FA41847925780A6700602971 /* SceneDelegate.swift in Sources */,
				FA418492257920B000602971 /* URLDate.swift in Sources */,
			);
			runOnlyForDeploymentPostprocessing = 0;
		};
/* End PBXSourcesBuildPhase section */

/* Begin PBXVariantGroup section */
		FA41847C25780A6700602971 /* Main.storyboard */ = {
			isa = PBXVariantGroup;
			children = (
				FA41847D25780A6700602971 /* Base */,
			);
			name = Main.storyboard;
			sourceTree = "<group>";
		};
		FA41848125780A6900602971 /* LaunchScreen.storyboard */ = {
			isa = PBXVariantGroup;
			children = (
				FA41848225780A6900602971 /* Base */,
			);
			name = LaunchScreen.storyboard;
			sourceTree = "<group>";
		};
/* End PBXVariantGroup section */

/* Begin XCBuildConfiguration section */
		FA41848525780A6900602971 /* Debug */ = {
			isa = XCBuildConfiguration;
			buildSettings = {
				ALWAYS_SEARCH_USER_PATHS = NO;
				CLANG_ANALYZER_NONNULL = YES;
				CLANG_ANALYZER_NUMBER_OBJECT_CONVERSION = YES_AGGRESSIVE;
				CLANG_CXX_LANGUAGE_STANDARD = "gnu++14";
				CLANG_CXX_LIBRARY = "libc++";
				CLANG_ENABLE_MODULES = YES;
				CLANG_ENABLE_OBJC_ARC = YES;
				CLANG_ENABLE_OBJC_WEAK = YES;
				CLANG_WARN_BLOCK_CAPTURE_AUTORELEASING = YES;
				CLANG_WARN_BOOL_CONVERSION = YES;
				CLANG_WARN_COMMA = YES;
				CLANG_WARN_CONSTANT_CONVERSION = YES;
				CLANG_WARN_DEPRECATED_OBJC_IMPLEMENTATIONS = YES;
				CLANG_WARN_DIRECT_OBJC_ISA_USAGE = YES_ERROR;
				CLANG_WARN_DOCUMENTATION_COMMENTS = YES;
				CLANG_WARN_EMPTY_BODY = YES;
				CLANG_WARN_ENUM_CONVERSION = YES;
				CLANG_WARN_INFINITE_RECURSION = YES;
				CLANG_WARN_INT_CONVERSION = YES;
				CLANG_WARN_NON_LITERAL_NULL_CONVERSION = YES;
				CLANG_WARN_OBJC_IMPLICIT_RETAIN_SELF = YES;
				CLANG_WARN_OBJC_LITERAL_CONVERSION = YES;
				CLANG_WARN_OBJC_ROOT_CLASS = YES_ERROR;
				CLANG_WARN_QUOTED_INCLUDE_IN_FRAMEWORK_HEADER = YES;
				CLANG_WARN_RANGE_LOOP_ANALYSIS = YES;
				CLANG_WARN_STRICT_PROTOTYPES = YES;
				CLANG_WARN_SUSPICIOUS_MOVE = YES;
				CLANG_WARN_UNGUARDED_AVAILABILITY = YES_AGGRESSIVE;
				CLANG_WARN_UNREACHABLE_CODE = YES;
				CLANG_WARN__DUPLICATE_METHOD_MATCH = YES;
				COPY_PHASE_STRIP = NO;
				DEBUG_INFORMATION_FORMAT = dwarf;
				ENABLE_STRICT_OBJC_MSGSEND = YES;
				ENABLE_TESTABILITY = YES;
				GCC_C_LANGUAGE_STANDARD = gnu11;
				GCC_DYNAMIC_NO_PIC = NO;
				GCC_NO_COMMON_BLOCKS = YES;
				GCC_OPTIMIZATION_LEVEL = 0;
				GCC_PREPROCESSOR_DEFINITIONS = (
					"DEBUG=1",
					"$(inherited)",
				);
				GCC_WARN_64_TO_32_BIT_CONVERSION = YES;
				GCC_WARN_ABOUT_RETURN_TYPE = YES_ERROR;
				GCC_WARN_UNDECLARED_SELECTOR = YES;
				GCC_WARN_UNINITIALIZED_AUTOS = YES_AGGRESSIVE;
				GCC_WARN_UNUSED_FUNCTION = YES;
				GCC_WARN_UNUSED_VARIABLE = YES;
				IPHONEOS_DEPLOYMENT_TARGET = 14.2;
				MTL_ENABLE_DEBUG_INFO = INCLUDE_SOURCE;
				MTL_FAST_MATH = YES;
				ONLY_ACTIVE_ARCH = YES;
				SDKROOT = iphoneos;
				SWIFT_ACTIVE_COMPILATION_CONDITIONS = DEBUG;
				SWIFT_OPTIMIZATION_LEVEL = "-Onone";
			};
			name = Debug;
		};
		FA41848625780A6900602971 /* Release */ = {
			isa = XCBuildConfiguration;
			buildSettings = {
				ALWAYS_SEARCH_USER_PATHS = NO;
				CLANG_ANALYZER_NONNULL = YES;
				CLANG_ANALYZER_NUMBER_OBJECT_CONVERSION = YES_AGGRESSIVE;
				CLANG_CXX_LANGUAGE_STANDARD = "gnu++14";
				CLANG_CXX_LIBRARY = "libc++";
				CLANG_ENABLE_MODULES = YES;
				CLANG_ENABLE_OBJC_ARC = YES;
				CLANG_ENABLE_OBJC_WEAK = YES;
				CLANG_WARN_BLOCK_CAPTURE_AUTORELEASING = YES;
				CLANG_WARN_BOOL_CONVERSION = YES;
				CLANG_WARN_COMMA = YES;
				CLANG_WARN_CONSTANT_CONVERSION = YES;
				CLANG_WARN_DEPRECATED_OBJC_IMPLEMENTATIONS = YES;
				CLANG_WARN_DIRECT_OBJC_ISA_USAGE = YES_ERROR;
				CLANG_WARN_DOCUMENTATION_COMMENTS = YES;
				CLANG_WARN_EMPTY_BODY = YES;
				CLANG_WARN_ENUM_CONVERSION = YES;
				CLANG_WARN_INFINITE_RECURSION = YES;
				CLANG_WARN_INT_CONVERSION = YES;
				CLANG_WARN_NON_LITERAL_NULL_CONVERSION = YES;
				CLANG_WARN_OBJC_IMPLICIT_RETAIN_SELF = YES;
				CLANG_WARN_OBJC_LITERAL_CONVERSION = YES;
				CLANG_WARN_OBJC_ROOT_CLASS = YES_ERROR;
				CLANG_WARN_QUOTED_INCLUDE_IN_FRAMEWORK_HEADER = YES;
				CLANG_WARN_RANGE_LOOP_ANALYSIS = YES;
				CLANG_WARN_STRICT_PROTOTYPES = YES;
				CLANG_WARN_SUSPICIOUS_MOVE = YES;
				CLANG_WARN_UNGUARDED_AVAILABILITY = YES_AGGRESSIVE;
				CLANG_WARN_UNREACHABLE_CODE = YES;
				CLANG_WARN__DUPLICATE_METHOD_MATCH = YES;
				COPY_PHASE_STRIP = NO;
				DEBUG_INFORMATION_FORMAT = "dwarf-with-dsym";
				ENABLE_NS_ASSERTIONS = NO;
				ENABLE_STRICT_OBJC_MSGSEND = YES;
				GCC_C_LANGUAGE_STANDARD = gnu11;
				GCC_NO_COMMON_BLOCKS = YES;
				GCC_WARN_64_TO_32_BIT_CONVERSION = YES;
				GCC_WARN_ABOUT_RETURN_TYPE = YES_ERROR;
				GCC_WARN_UNDECLARED_SELECTOR = YES;
				GCC_WARN_UNINITIALIZED_AUTOS = YES_AGGRESSIVE;
				GCC_WARN_UNUSED_FUNCTION = YES;
				GCC_WARN_UNUSED_VARIABLE = YES;
				IPHONEOS_DEPLOYMENT_TARGET = 14.2;
				MTL_ENABLE_DEBUG_INFO = NO;
				MTL_FAST_MATH = YES;
				SDKROOT = iphoneos;
				SWIFT_COMPILATION_MODE = wholemodule;
				SWIFT_OPTIMIZATION_LEVEL = "-O";
				VALIDATE_PRODUCT = YES;
			};
			name = Release;
		};
		FA41848825780A6900602971 /* Debug */ = {
			isa = XCBuildConfiguration;
			buildSettings = {
				ASSETCATALOG_COMPILER_APPICON_NAME = AppIcon;
				ASSETCATALOG_COMPILER_GLOBAL_ACCENT_COLOR_NAME = AccentColor;
				CODE_SIGN_STYLE = Automatic;
				DEVELOPMENT_TEAM = 4MGG9C63P3;
				INFOPLIST_FILE = CC/Info.plist;
				LD_RUNPATH_SEARCH_PATHS = (
					"$(inherited)",
					"@executable_path/Frameworks",
				);
				PRODUCT_BUNDLE_IDENTIFIER = MagicFox.CC;
				PRODUCT_NAME = "$(TARGET_NAME)";
				SWIFT_VERSION = 5.0;
				TARGETED_DEVICE_FAMILY = "1,2";
			};
			name = Debug;
		};
		FA41848925780A6900602971 /* Release */ = {
			isa = XCBuildConfiguration;
			buildSettings = {
				ASSETCATALOG_COMPILER_APPICON_NAME = AppIcon;
				ASSETCATALOG_COMPILER_GLOBAL_ACCENT_COLOR_NAME = AccentColor;
				CODE_SIGN_STYLE = Automatic;
				DEVELOPMENT_TEAM = 4MGG9C63P3;
				INFOPLIST_FILE = CC/Info.plist;
				LD_RUNPATH_SEARCH_PATHS = (
					"$(inherited)",
					"@executable_path/Frameworks",
				);
				PRODUCT_BUNDLE_IDENTIFIER = MagicFox.CC;
				PRODUCT_NAME = "$(TARGET_NAME)";
				SWIFT_VERSION = 5.0;
				TARGETED_DEVICE_FAMILY = "1,2";
			};
			name = Release;
		};
/* End XCBuildConfiguration section */

/* Begin XCConfigurationList section */
		FA41846E25780A6700602971 /* Build configuration list for PBXProject "CCtestcs" */ = {
			isa = XCConfigurationList;
			buildConfigurations = (
				FA41848525780A6900602971 /* Debug */,
				FA41848625780A6900602971 /* Release */,
			);
			defaultConfigurationIsVisible = 0;
			defaultConfigurationName = Release;
		};
		FA41848725780A6900602971 /* Build configuration list for PBXNativeTarget "CC" */ = {
			isa = XCConfigurationList;
			buildConfigurations = (
				FA41848825780A6900602971 /* Debug */,
				FA41848925780A6900602971 /* Release */,
			);
			defaultConfigurationIsVisible = 0;
			defaultConfigurationName = Release;
		};
/* End XCConfigurationList section */
	};
	rootObject = FA41846B25780A6700602971 /* Project object */;
}
